
Microsoft Visual Studio Solution File, Format Version 12.00
# Visual Studio Version 17
VisualStudioVersion = 17.14.36221.1 d17.14
MinimumVisualStudioVersion = 10.0.40219.1
Project("{FAE04EC0-301F-11D3-BF4B-00C04F79EFBC}") = "EventRegistrationApp", "EventRegistrationApp\EventRegistrationApp.csproj", "{8C5B5C05-74B5-422E-B0B3-4E104EEE160D}"
EndProject
Global
	GlobalSection(SolutionConfigurationPlatforms) = preSolution
		Debug|Any CPU = Debug|Any CPU
		Release|Any CPU = Release|Any CPU
	EndGlobalSection
	GlobalSection(ProjectConfigurationPlatforms) = postSolution
		{8C5B5C05-74B5-422E-B0B3-4E104EEE160D}.Debug|Any CPU.ActiveCfg = Debug|Any CPU
		{8C5B5C05-74B5-422E-B0B3-4E104EEE160D}.Debug|Any CPU.Build.0 = Debug|Any CPU
		{8C5B5C05-74B5-422E-B0B3-4E104EEE160D}.Release|Any CPU.ActiveCfg = Release|Any CPU
		{8C5B5C05-74B5-422E-B0B3-4E104EEE160D}.Release|Any CPU.Build.0 = Release|Any CPU
	EndGlobalSection
	GlobalSection(SolutionProperties) = preSolution
		HideSolutionNode = FALSE
	EndGlobalSection
	GlobalSection(ExtensibilityGlobals) = postSolution
		SolutionGuid = {7D1CA76B-762D-43F9-983E-BBCC5E9A977C}
	EndGlobalSection
EndGlobal
